
Microsoft Visual Studio Solution File, Format Version 12.00
# Visual Studio Version 17
VisualStudioVersion = 17.4.33103.184
MinimumVisualStudioVersion = 10.0.40219.1
Project("{FAE04EC0-301F-11D3-BF4B-00C04F79EFBC}") = "LinqExercise", "LinqExercise\LinqExercise.csproj", "{998A1994-DF9B-438E-AEAD-6391BE819B66}"
EndProject
Global
	GlobalSection(SolutionConfigurationPlatforms) = preSolution
		Debug|Any CPU = Debug|Any CPU
		Release|Any CPU = Release|Any CPU
	EndGlobalSection
	GlobalSection(ProjectConfigurationPlatforms) = postSolution
		{998A1994-DF9B-438E-AEAD-6391BE819B66}.Debug|Any CPU.ActiveCfg = Debug|Any CPU
		{998A1994-DF9B-438E-AEAD-6391BE819B66}.Debug|Any CPU.Build.0 = Debug|Any CPU
		{998A1994-DF9B-438E-AEAD-6391BE819B66}.Release|Any CPU.ActiveCfg = Release|Any CPU
		{998A1994-DF9B-438E-AEAD-6391BE819B66}.Release|Any CPU.Build.0 = Release|Any CPU
	EndGlobalSection
	GlobalSection(SolutionProperties) = preSolution
		HideSolutionNode = FALSE
	EndGlobalSection
	GlobalSection(ExtensibilityGlobals) = postSolution
		SolutionGuid = {260CCE7F-B6B8-4E13-9C02-C4EA2EF66D97}
	EndGlobalSection
EndGlobal
